// !$*UTF8*$!
{ archiveVersion = 1; classes = {}; objectVersion = 56; objects = {
B21BA49588CB6E7D0F6E20AB = { isa = PBXFileReference; lastKnownFileType = sourcecode.swift; path = "LeaveWell/App/LeaveWellApp.swift"; sourceTree = SOURCE_ROOT; };
C2427B5642665ECC7807C275 = { isa = PBXBuildFile; fileRef = B21BA49588CB6E7D0F6E20AB; };
F4A4F901400B2AC217616657 = { isa = PBXFileReference; lastKnownFileType = sourcecode.swift; path = "LeaveWell/App/MarketingCapture.swift"; sourceTree = SOURCE_ROOT; };
2CBC8FFBEA5EDADE01C13543 = { isa = PBXBuildFile; fileRef = F4A4F901400B2AC217616657; };
0B98A566792B798CBEE17823 = { isa = PBXFileReference; lastKnownFileType = sourcecode.swift; path = "LeaveWell/Core/Models.swift"; sourceTree = SOURCE_ROOT; };
28349E7321600E07F6C19685 = { isa = PBXBuildFile; fileRef = 0B98A566792B798CBEE17823; };
480DDEE43CA9F099E10FDA22 = { isa = PBXFileReference; lastKnownFileType = sourcecode.swift; path = "LeaveWell/Features/Assistant/AssistantView.swift"; sourceTree = SOURCE_ROOT; };
9ACEC46698F5DB7866F4A436 = { isa = PBXBuildFile; fileRef = 480DDEE43CA9F099E10FDA22; };
3AFE5E81E43ECA8720481D1D = { isa = PBXFileReference; lastKnownFileType = sourcecode.swift; path = "LeaveWell/Features/Camera/SystemCapture.swift"; sourceTree = SOURCE_ROOT; };
5CF3D25A2936A6F4A64BC4CD = { isa = PBXBuildFile; fileRef = 3AFE5E81E43ECA8720481D1D; };
CE0981AE632AC721698049C5 = { isa = PBXFileReference; lastKnownFileType = sourcecode.swift; path = "LeaveWell/Features/Cases/CaseView.swift"; sourceTree = SOURCE_ROOT; };
282141EBF66D6BF2CF12ECB3 = { isa = PBXBuildFile; fileRef = CE0981AE632AC721698049C5; };
7E8440F7BDAC02371BD79F94 = { isa = PBXFileReference; lastKnownFileType = sourcecode.swift; path = "LeaveWell/Features/Documents/ComparisonView.swift"; sourceTree = SOURCE_ROOT; };
41A4CB41171C906795948F4F = { isa = PBXBuildFile; fileRef = 7E8440F7BDAC02371BD79F94; };
DEFBEAFD8952A471BB9A8262 = { isa = PBXFileReference; lastKnownFileType = sourcecode.swift; path = "LeaveWell/Features/Evidence/EvidenceComposer.swift"; sourceTree = SOURCE_ROOT; };
D2E937404B5914782685BCD7 = { isa = PBXBuildFile; fileRef = DEFBEAFD8952A471BB9A8262; };
868D414D471C8FBC6DC34FF9 = { isa = PBXFileReference; lastKnownFileType = sourcecode.swift; path = "LeaveWell/Features/Evidence/EvidenceDetailView.swift"; sourceTree = SOURCE_ROOT; };
EC4D2DFD76666D6FE6C839EA = { isa = PBXBuildFile; fileRef = 868D414D471C8FBC6DC34FF9; };
0F3C851332B28EEF126ADD4B = { isa = PBXFileReference; lastKnownFileType = sourcecode.swift; path = "LeaveWell/Features/Evidence/EvidenceListView.swift"; sourceTree = SOURCE_ROOT; };
4AE2D150855C23AA593C9533 = { isa = PBXBuildFile; fileRef = 0F3C851332B28EEF126ADD4B; };
8022024A8005616A207AAE3C = { isa = PBXFileReference; lastKnownFileType = sourcecode.swift; path = "LeaveWell/Features/Keys/KeysView.swift"; sourceTree = SOURCE_ROOT; };
6E9B0960BE25616A04E3BEDB = { isa = PBXBuildFile; fileRef = 8022024A8005616A207AAE3C; };
CDFFB1857E0A3C2D64A85299 = { isa = PBXFileReference; lastKnownFileType = sourcecode.swift; path = "LeaveWell/Features/Meters/MetersView.swift"; sourceTree = SOURCE_ROOT; };
99F6DE889E6815C378EE6CFF = { isa = PBXBuildFile; fileRef = CDFFB1857E0A3C2D64A85299; };
D71EAD351149019D684C5987 = { isa = PBXFileReference; lastKnownFileType = sourcecode.swift; path = "LeaveWell/Features/Onboarding/OnboardingView.swift"; sourceTree = SOURCE_ROOT; };
4B09224A95E131D8018551A1 = { isa = PBXBuildFile; fileRef = D71EAD351149019D684C5987; };
C5667D5A2070D01764733B63 = { isa = PBXFileReference; lastKnownFileType = sourcecode.swift; path = "LeaveWell/Features/Properties/HomeView.swift"; sourceTree = SOURCE_ROOT; };
D7D3E675EC5F9E07C577EB51 = { isa = PBXBuildFile; fileRef = C5667D5A2070D01764733B63; };
68AE7E693C14E3130E38A12E = { isa = PBXFileReference; lastKnownFileType = sourcecode.swift; path = "LeaveWell/Features/Properties/PropertyEditor.swift"; sourceTree = SOURCE_ROOT; };
E4A232B91965554AB40FE044 = { isa = PBXBuildFile; fileRef = 68AE7E693C14E3130E38A12E; };
4857A3034EBF1730169283EC = { isa = PBXFileReference; lastKnownFileType = sourcecode.swift; path = "LeaveWell/Features/Reports/ReportView.swift"; sourceTree = SOURCE_ROOT; };
3CE36AE8F6CDEF605F8705C4 = { isa = PBXBuildFile; fileRef = 4857A3034EBF1730169283EC; };
C25C971874F3D7F8F4D96428 = { isa = PBXFileReference; lastKnownFileType = sourcecode.swift; path = "LeaveWell/Features/Rooms/RoomView.swift"; sourceTree = SOURCE_ROOT; };
3B9CB916EAC0A8C5B27E7BFD = { isa = PBXBuildFile; fileRef = C25C971874F3D7F8F4D96428; };
1C504D208B43FB18D1B8598B = { isa = PBXFileReference; lastKnownFileType = sourcecode.swift; path = "LeaveWell/Features/Settings/SettingsView.swift"; sourceTree = SOURCE_ROOT; };
D1D04672CBA021C9A33255B2 = { isa = PBXBuildFile; fileRef = 1C504D208B43FB18D1B8598B; };
3E1ACFEE9ABA067F5FB6582F = { isa = PBXFileReference; lastKnownFileType = sourcecode.swift; path = "LeaveWell/Services/AppLock.swift"; sourceTree = SOURCE_ROOT; };
F5277EF8B3F2B0EFCF295FD7 = { isa = PBXBuildFile; fileRef = 3E1ACFEE9ABA067F5FB6582F; };
50073CA25344509C3A1714C6 = { isa = PBXFileReference; lastKnownFileType = sourcecode.swift; path = "LeaveWell/Services/CaseStore.swift"; sourceTree = SOURCE_ROOT; };
770D2BBB07C0BD94CA1F0002 = { isa = PBXBuildFile; fileRef = 50073CA25344509C3A1714C6; };
A732A3D2BE86F1C4014C2C35 = { isa = PBXFileReference; lastKnownFileType = sourcecode.swift; path = "LeaveWell/Services/EvidenceVault.swift"; sourceTree = SOURCE_ROOT; };
EAC2E5E7CC26EF93390D339A = { isa = PBXBuildFile; fileRef = A732A3D2BE86F1C4014C2C35; };
C167B2C1844E88BE5F40629D = { isa = PBXFileReference; lastKnownFileType = sourcecode.swift; path = "LeaveWell/Services/Localization.swift"; sourceTree = SOURCE_ROOT; };
D484262D1F3DD156FE11A606 = { isa = PBXBuildFile; fileRef = C167B2C1844E88BE5F40629D; };
AA88E885341DEDE14AF13506 = { isa = PBXFileReference; lastKnownFileType = sourcecode.swift; path = "LeaveWell/Services/MeterOCR.swift"; sourceTree = SOURCE_ROOT; };
5E65FE7F219B1A9E782453A0 = { isa = PBXBuildFile; fileRef = AA88E885341DEDE14AF13506; };
CA0AD5DF063A2F13D7AF7FA5 = { isa = PBXFileReference; lastKnownFileType = sourcecode.swift; path = "LeaveWell/Services/PurchaseService.swift"; sourceTree = SOURCE_ROOT; };
988E361C6E97DCC99D77F2E1 = { isa = PBXBuildFile; fileRef = CA0AD5DF063A2F13D7AF7FA5; };
BAEEC3753A492E0533B13FBF = { isa = PBXFileReference; lastKnownFileType = sourcecode.swift; path = "LeaveWell/Services/ReminderService.swift"; sourceTree = SOURCE_ROOT; };
BE5B187EFFA4A2A61DA40464 = { isa = PBXBuildFile; fileRef = BAEEC3753A492E0533B13FBF; };
15E369309A0E80131A9ACED1 = { isa = PBXFileReference; lastKnownFileType = sourcecode.swift; path = "LeaveWell/Services/ReportService.swift"; sourceTree = SOURCE_ROOT; };
3F356ECC003178CC4353A02E = { isa = PBXBuildFile; fileRef = 15E369309A0E80131A9ACED1; };
6D12605CC7A9FDFED60F3793 = { isa = PBXFileReference; lastKnownFileType = sourcecode.swift; path = "LeaveWell/Services/ServiceContracts.swift"; sourceTree = SOURCE_ROOT; };
FBF953CC8CCEC7842C7701F9 = { isa = PBXBuildFile; fileRef = 6D12605CC7A9FDFED60F3793; };
7BE2033D33C126D9FA2B183E = { isa = PBXFileReference; lastKnownFileType = sourcecode.swift; path = "LeaveWell/Services/VoiceService.swift"; sourceTree = SOURCE_ROOT; };
8AE48DE064C326433CE055C0 = { isa = PBXBuildFile; fileRef = 7BE2033D33C126D9FA2B183E; };
2E070BCD8AA5B986C0A49889 = { isa = PBXFileReference; lastKnownFileType = sourcecode.swift; path = "LeaveWell/UI/DesignSystem.swift"; sourceTree = SOURCE_ROOT; };
FB20D22AAEFD204AC46CAF64 = { isa = PBXBuildFile; fileRef = 2E070BCD8AA5B986C0A49889; };
0E8ADE96664884564BE7306E = { isa = PBXFileReference; lastKnownFileType = sourcecode.swift; path = "Tests/iOS/ReportTests.swift"; sourceTree = SOURCE_ROOT; };
70067AEDF39FADF07EEEA229 = { isa = PBXBuildFile; fileRef = 0E8ADE96664884564BE7306E; };
B390E7A4B9C0C7BAF378F717 = { isa = PBXFileReference; lastKnownFileType = sourcecode.swift; path = "Tests/iOS/VaultTests.swift"; sourceTree = SOURCE_ROOT; };
362D49FE65F18F229E6B70B9 = { isa = PBXBuildFile; fileRef = B390E7A4B9C0C7BAF378F717; };
554BA440428077664CF3B1D6 = { isa = PBXFileReference; lastKnownFileType = folder.assetcatalog; path = "LeaveWell/Resources/Assets.xcassets"; sourceTree = SOURCE_ROOT; };
9EBF1B58288DE6284D15B645 = { isa = PBXBuildFile; fileRef = 554BA440428077664CF3B1D6; };
837AD7069E03017A743FD1F4 = { isa = PBXFileReference; lastKnownFileType = text.json; path = "LeaveWell/Resources/Localizable.xcstrings"; sourceTree = SOURCE_ROOT; };
6EBFE3825AC067B50DF469DD = { isa = PBXBuildFile; fileRef = 837AD7069E03017A743FD1F4; };
EC59E05B197F4D29FE88D2F2 = { isa = PBXFileReference; lastKnownFileType = text.xml; path = "LeaveWell/Resources/PrivacyInfo.xcprivacy"; sourceTree = SOURCE_ROOT; };
4A7E4AFFE86B123C01DE9282 = { isa = PBXBuildFile; fileRef = EC59E05B197F4D29FE88D2F2; };
99255CE791E424E575228BBB = { isa = PBXFileReference; explicitFileType = wrapper.application; path = LeaveWell.app; sourceTree = BUILT_PRODUCTS_DIR; };
1D5EEF7A05469838C83E5DAF = { isa = PBXFileReference; explicitFileType = wrapper.cfbundle; path = LeaveWellTests.xctest; sourceTree = BUILT_PRODUCTS_DIR; };
0A3E27B8CA818264D75C8D81 = { isa = PBXGroup; children = (99255CE791E424E575228BBB,1D5EEF7A05469838C83E5DAF); name = Products; sourceTree = "<group>"; };
0D6E4079E36703EBD37C0072 = { isa = PBXGroup; children = (B21BA49588CB6E7D0F6E20AB,F4A4F901400B2AC217616657,0B98A566792B798CBEE17823,480DDEE43CA9F099E10FDA22,3AFE5E81E43ECA8720481D1D,CE0981AE632AC721698049C5,7E8440F7BDAC02371BD79F94,DEFBEAFD8952A471BB9A8262,868D414D471C8FBC6DC34FF9,0F3C851332B28EEF126ADD4B,8022024A8005616A207AAE3C,CDFFB1857E0A3C2D64A85299,D71EAD351149019D684C5987,C5667D5A2070D01764733B63,68AE7E693C14E3130E38A12E,4857A3034EBF1730169283EC,C25C971874F3D7F8F4D96428,1C504D208B43FB18D1B8598B,3E1ACFEE9ABA067F5FB6582F,50073CA25344509C3A1714C6,A732A3D2BE86F1C4014C2C35,C167B2C1844E88BE5F40629D,AA88E885341DEDE14AF13506,CA0AD5DF063A2F13D7AF7FA5,BAEEC3753A492E0533B13FBF,15E369309A0E80131A9ACED1,6D12605CC7A9FDFED60F3793,7BE2033D33C126D9FA2B183E,2E070BCD8AA5B986C0A49889,0E8ADE96664884564BE7306E,B390E7A4B9C0C7BAF378F717,554BA440428077664CF3B1D6,837AD7069E03017A743FD1F4,EC59E05B197F4D29FE88D2F2,0A3E27B8CA818264D75C8D81); sourceTree = "<group>"; };
1241936D4DD3AAD68FE7BFBD = { isa = PBXContainerItemProxy; containerPortal = 244210E48437B6556980A702; proxyType = 1; remoteGlobalIDString = C90122665B50130B6600E34C; remoteInfo = LeaveWell; };
F26350DAFE3F19AABFD69AC4 = { isa = PBXTargetDependency; target = C90122665B50130B6600E34C; targetProxy = 1241936D4DD3AAD68FE7BFBD; };
7462DC5E91E115E3C63E7D11 = { isa = PBXSourcesBuildPhase; buildActionMask = 2147483647; files = (C2427B5642665ECC7807C275,2CBC8FFBEA5EDADE01C13543,28349E7321600E07F6C19685,9ACEC46698F5DB7866F4A436,5CF3D25A2936A6F4A64BC4CD,282141EBF66D6BF2CF12ECB3,41A4CB41171C906795948F4F,D2E937404B5914782685BCD7,EC4D2DFD76666D6FE6C839EA,4AE2D150855C23AA593C9533,6E9B0960BE25616A04E3BEDB,99F6DE889E6815C378EE6CFF,4B09224A95E131D8018551A1,D7D3E675EC5F9E07C577EB51,E4A232B91965554AB40FE044,3CE36AE8F6CDEF605F8705C4,3B9CB916EAC0A8C5B27E7BFD,D1D04672CBA021C9A33255B2,F5277EF8B3F2B0EFCF295FD7,770D2BBB07C0BD94CA1F0002,EAC2E5E7CC26EF93390D339A,D484262D1F3DD156FE11A606,5E65FE7F219B1A9E782453A0,988E361C6E97DCC99D77F2E1,BE5B187EFFA4A2A61DA40464,3F356ECC003178CC4353A02E,FBF953CC8CCEC7842C7701F9,8AE48DE064C326433CE055C0,FB20D22AAEFD204AC46CAF64); runOnlyForDeploymentPostprocessing = 0; };
3D32C764C53911495D982701 = { isa = PBXResourcesBuildPhase; buildActionMask = 2147483647; files = (9EBF1B58288DE6284D15B645,6EBFE3825AC067B50DF469DD,4A7E4AFFE86B123C01DE9282); runOnlyForDeploymentPostprocessing = 0; };
2A0AA6DC540956D46366D2AB = { isa = PBXFrameworksBuildPhase; buildActionMask = 2147483647; files = (); runOnlyForDeploymentPostprocessing = 0; };
C47648FC79AD5328BBC20698 = { isa = XCBuildConfiguration; buildSettings = {SDKROOT = iphoneos;IPHONEOS_DEPLOYMENT_TARGET = 18.0;SWIFT_VERSION = 5.0;TARGETED_DEVICE_FAMILY = "1,2";CODE_SIGN_STYLE = Automatic;SWIFT_EMIT_LOC_STRINGS = YES;SWIFT_STRICT_CONCURRENCY = targeted;PRODUCT_NAME = "$(TARGET_NAME)";PRODUCT_BUNDLE_IDENTIFIER = com.leavewell.app;MARKETING_VERSION = 1.0;CURRENT_PROJECT_VERSION = 1;INFOPLIST_FILE = LeaveWell/Resources/Info.plist;ASSETCATALOG_COMPILER_APPICON_NAME = AppIcon;ASSETCATALOG_COMPILER_GLOBAL_ACCENT_COLOR_NAME = AccentColor;ENABLE_PREVIEWS = YES;LD_RUNPATH_SEARCH_PATHS = "$(inherited) @executable_path/Frameworks";SWIFT_OPTIMIZATION_LEVEL = "-Onone";ENABLE_TESTABILITY = YES;SWIFT_ACTIVE_COMPILATION_CONDITIONS = DEBUG;}; name = Debug; };
F8DFBEA5BBB22243B22E8C71 = { isa = XCBuildConfiguration; buildSettings = {SDKROOT = iphoneos;IPHONEOS_DEPLOYMENT_TARGET = 18.0;SWIFT_VERSION = 5.0;TARGETED_DEVICE_FAMILY = "1,2";CODE_SIGN_STYLE = Automatic;SWIFT_EMIT_LOC_STRINGS = YES;SWIFT_STRICT_CONCURRENCY = targeted;PRODUCT_NAME = "$(TARGET_NAME)";PRODUCT_BUNDLE_IDENTIFIER = com.leavewell.app;MARKETING_VERSION = 1.0;CURRENT_PROJECT_VERSION = 1;INFOPLIST_FILE = LeaveWell/Resources/Info.plist;ASSETCATALOG_COMPILER_APPICON_NAME = AppIcon;ASSETCATALOG_COMPILER_GLOBAL_ACCENT_COLOR_NAME = AccentColor;ENABLE_PREVIEWS = YES;LD_RUNPATH_SEARCH_PATHS = "$(inherited) @executable_path/Frameworks";SWIFT_COMPILATION_MODE = wholemodule;SWIFT_OPTIMIZATION_LEVEL = "-O";DEBUG_INFORMATION_FORMAT = "dwarf-with-dsym";}; name = Release; };
F6D75478BAFC936FA5AECCB4 = { isa = XCConfigurationList; buildConfigurations = (C47648FC79AD5328BBC20698,F8DFBEA5BBB22243B22E8C71); defaultConfigurationIsVisible = 0; defaultConfigurationName = Release; };
C90122665B50130B6600E34C = { isa = PBXNativeTarget; buildConfigurationList = F6D75478BAFC936FA5AECCB4; buildPhases = (7462DC5E91E115E3C63E7D11,2A0AA6DC540956D46366D2AB,3D32C764C53911495D982701); buildRules = (); dependencies = (); name = LeaveWell; productName = LeaveWell; productReference = 99255CE791E424E575228BBB; productType = "com.apple.product-type.application"; };
ABDF0AB9E0F5F1463FBC809D = { isa = PBXSourcesBuildPhase; buildActionMask = 2147483647; files = (70067AEDF39FADF07EEEA229,362D49FE65F18F229E6B70B9); runOnlyForDeploymentPostprocessing = 0; };
B529E67334B3F90B796A09E4 = { isa = PBXResourcesBuildPhase; buildActionMask = 2147483647; files = (); runOnlyForDeploymentPostprocessing = 0; };
B94DC3B7528E75A85B4BFC41 = { isa = PBXFrameworksBuildPhase; buildActionMask = 2147483647; files = (); runOnlyForDeploymentPostprocessing = 0; };
67F36A74786954EB655A861B = { isa = XCBuildConfiguration; buildSettings = {SDKROOT = iphoneos;IPHONEOS_DEPLOYMENT_TARGET = 18.0;SWIFT_VERSION = 5.0;TARGETED_DEVICE_FAMILY = "1,2";CODE_SIGN_STYLE = Automatic;SWIFT_EMIT_LOC_STRINGS = YES;SWIFT_STRICT_CONCURRENCY = targeted;PRODUCT_NAME = "$(TARGET_NAME)";PRODUCT_BUNDLE_IDENTIFIER = com.leavewell.tests;MARKETING_VERSION = 1.0;CURRENT_PROJECT_VERSION = 1;GENERATE_INFOPLIST_FILE = YES;TEST_HOST = "$(BUILT_PRODUCTS_DIR)/LeaveWell.app/LeaveWell";BUNDLE_LOADER = "$(TEST_HOST)";SWIFT_OPTIMIZATION_LEVEL = "-Onone";ENABLE_TESTABILITY = YES;SWIFT_ACTIVE_COMPILATION_CONDITIONS = DEBUG;}; name = Debug; };
9D0454D6BD9BF6DEEA6B0BB6 = { isa = XCBuildConfiguration; buildSettings = {SDKROOT = iphoneos;IPHONEOS_DEPLOYMENT_TARGET = 18.0;SWIFT_VERSION = 5.0;TARGETED_DEVICE_FAMILY = "1,2";CODE_SIGN_STYLE = Automatic;SWIFT_EMIT_LOC_STRINGS = YES;SWIFT_STRICT_CONCURRENCY = targeted;PRODUCT_NAME = "$(TARGET_NAME)";PRODUCT_BUNDLE_IDENTIFIER = com.leavewell.tests;MARKETING_VERSION = 1.0;CURRENT_PROJECT_VERSION = 1;GENERATE_INFOPLIST_FILE = YES;TEST_HOST = "$(BUILT_PRODUCTS_DIR)/LeaveWell.app/LeaveWell";BUNDLE_LOADER = "$(TEST_HOST)";SWIFT_COMPILATION_MODE = wholemodule;SWIFT_OPTIMIZATION_LEVEL = "-O";DEBUG_INFORMATION_FORMAT = "dwarf-with-dsym";}; name = Release; };
6B4432F0B9B88E6E345C56B1 = { isa = XCConfigurationList; buildConfigurations = (67F36A74786954EB655A861B,9D0454D6BD9BF6DEEA6B0BB6); defaultConfigurationIsVisible = 0; defaultConfigurationName = Release; };
4D75A7840826E2751FDC59F1 = { isa = PBXNativeTarget; buildConfigurationList = 6B4432F0B9B88E6E345C56B1; buildPhases = (ABDF0AB9E0F5F1463FBC809D,B94DC3B7528E75A85B4BFC41,B529E67334B3F90B796A09E4); buildRules = (); dependencies = (F26350DAFE3F19AABFD69AC4); name = LeaveWellTests; productName = LeaveWellTests; productReference = 1D5EEF7A05469838C83E5DAF; productType = "com.apple.product-type.bundle.unit-test"; };
19A7BB9FA1D15951B207E86F = { isa = XCBuildConfiguration; buildSettings = { CLANG_ENABLE_MODULES = YES; CLANG_ENABLE_OBJC_ARC = YES; }; name = Debug; };
4B1E505EF650AC5564543C47 = { isa = XCBuildConfiguration; buildSettings = { CLANG_ENABLE_MODULES = YES; CLANG_ENABLE_OBJC_ARC = YES; }; name = Release; };
818513571A344A57FE650E55 = { isa = XCConfigurationList; buildConfigurations = (19A7BB9FA1D15951B207E86F,4B1E505EF650AC5564543C47); defaultConfigurationIsVisible = 0; defaultConfigurationName = Release; };
244210E48437B6556980A702 = { isa = PBXProject; attributes = { LastUpgradeCheck = 2600; BuildIndependentTargetsInParallel = YES; }; buildConfigurationList = 818513571A344A57FE650E55; compatibilityVersion = "Xcode 14.0"; developmentRegion = "en-GB"; hasScannedForEncodings = 0; knownRegions = ("en-GB", en, Base); mainGroup = 0D6E4079E36703EBD37C0072; productRefGroup = 0A3E27B8CA818264D75C8D81; projectDirPath = ""; projectRoot = ""; targets = (C90122665B50130B6600E34C,4D75A7840826E2751FDC59F1); };
}; rootObject = 244210E48437B6556980A702; }
